
Microsoft Visual Studio Solution File, Format Version 12.00
# Visual Studio Version 16
VisualStudioVersion = 16.0.30413.136
MinimumVisualStudioVersion = 10.0.40219.1
Project("{FAE04EC0-301F-11D3-BF4B-00C04F79EFBC}") = "App.API", "App.API\App.API.csproj", "{73DE6CA2-7D31-4FA9-94BF-2ECEEC297D37}"
EndProject
Project("{FAE04EC0-301F-11D3-BF4B-00C04F79EFBC}") = "App.Infrastructure", "App.Infrastructure\App.Infrastructure.csproj", "{63AAF0A4-7DA2-4161-9F48-D6F461B41737}"
EndProject
Project("{FAE04EC0-301F-11D3-BF4B-00C04F79EFBC}") = "App.Domain", "App.Domain\App.Domain.csproj", "{A5BBA532-C48F-495A-97B2-71492DE14E83}"
EndProject
Project("{2150E333-8FDC-42A3-9474-1A3956D46DE8}") = "Solution Items", "Solution Items", "{34D0AD34-7AA2-4DB9-AC3D-D7E4469ADA36}"
	ProjectSection(SolutionItems) = preProject
		.gitignore = .gitignore
	EndProjectSection
EndProject
Global
	GlobalSection(SolutionConfigurationPlatforms) = preSolution
		Debug|Any CPU = Debug|Any CPU
		Release|Any CPU = Release|Any CPU
	EndGlobalSection
	GlobalSection(ProjectConfigurationPlatforms) = postSolution
		{73DE6CA2-7D31-4FA9-94BF-2ECEEC297D37}.Debug|Any CPU.ActiveCfg = Debug|Any CPU
		{73DE6CA2-7D31-4FA9-94BF-2ECEEC297D37}.Debug|Any CPU.Build.0 = Debug|Any CPU
		{73DE6CA2-7D31-4FA9-94BF-2ECEEC297D37}.Release|Any CPU.ActiveCfg = Release|Any CPU
		{73DE6CA2-7D31-4FA9-94BF-2ECEEC297D37}.Release|Any CPU.Build.0 = Release|Any CPU
		{63AAF0A4-7DA2-4161-9F48-D6F461B41737}.Debug|Any CPU.ActiveCfg = Debug|Any CPU
		{63AAF0A4-7DA2-4161-9F48-D6F461B41737}.Debug|Any CPU.Build.0 = Debug|Any CPU
		{63AAF0A4-7DA2-4161-9F48-D6F461B41737}.Release|Any CPU.ActiveCfg = Release|Any CPU
		{63AAF0A4-7DA2-4161-9F48-D6F461B41737}.Release|Any CPU.Build.0 = Release|Any CPU
		{A5BBA532-C48F-495A-97B2-71492DE14E83}.Debug|Any CPU.ActiveCfg = Debug|Any CPU
		{A5BBA532-C48F-495A-97B2-71492DE14E83}.Debug|Any CPU.Build.0 = Debug|Any CPU
		{A5BBA532-C48F-495A-97B2-71492DE14E83}.Release|Any CPU.ActiveCfg = Release|Any CPU
		{A5BBA532-C48F-495A-97B2-71492DE14E83}.Release|Any CPU.Build.0 = Release|Any CPU
	EndGlobalSection
	GlobalSection(SolutionProperties) = preSolution
		HideSolutionNode = FALSE
	EndGlobalSection
	GlobalSection(ExtensibilityGlobals) = postSolution
		SolutionGuid = {7CA35059-1759-4E58-9963-8F93F19ADF47}
	EndGlobalSection
EndGlobal
